
Microsoft Visual Studio Solution File, Format Version 12.00
# Visual Studio Version 17
VisualStudioVersion = 17.0.32112.339
MinimumVisualStudioVersion = 10.0.40219.1
Project("{FAE04EC0-301F-11D3-BF4B-00C04F79EFBC}") = "Blog", "Blog.csproj", "{436AD81A-D8BD-4B76-AF45-019855A8510C}"
EndProject
Global
	GlobalSection(SolutionConfigurationPlatforms) = preSolution
		Debug|Any CPU = Debug|Any CPU
		Release|Any CPU = Release|Any CPU
	EndGlobalSection
	GlobalSection(ProjectConfigurationPlatforms) = postSolution
		{436AD81A-D8BD-4B76-AF45-019855A8510C}.Debug|Any CPU.ActiveCfg = Debug|Any CPU
		{436AD81A-D8BD-4B76-AF45-019855A8510C}.Debug|Any CPU.Build.0 = Debug|Any CPU
		{436AD81A-D8BD-4B76-AF45-019855A8510C}.Release|Any CPU.ActiveCfg = Release|Any CPU
		{436AD81A-D8BD-4B76-AF45-019855A8510C}.Release|Any CPU.Build.0 = Release|Any CPU
	EndGlobalSection
	GlobalSection(SolutionProperties) = preSolution
		HideSolutionNode = FALSE
	EndGlobalSection
	GlobalSection(ExtensibilityGlobals) = postSolution
		SolutionGuid = {56F7B026-621D-49A0-BA9D-0866599FEC31}
	EndGlobalSection
EndGlobal
