
Microsoft Visual Studio Solution File, Format Version 12.00
# Visual Studio Version 16
VisualStudioVersion = 16.0.31424.327
MinimumVisualStudioVersion = 10.0.40219.1
Project("{FAE04EC0-301F-11D3-BF4B-00C04F79EFBC}") = "Consola", "Console\Consola.csproj", "{34AFF8C3-52CC-455B-83E2-B5976E1281EB}"
EndProject
Global
	GlobalSection(SolutionConfigurationPlatforms) = preSolution
		Debug|Any CPU = Debug|Any CPU
		Release|Any CPU = Release|Any CPU
	EndGlobalSection
	GlobalSection(ProjectConfigurationPlatforms) = postSolution
		{34AFF8C3-52CC-455B-83E2-B5976E1281EB}.Debug|Any CPU.ActiveCfg = Debug|Any CPU
		{34AFF8C3-52CC-455B-83E2-B5976E1281EB}.Debug|Any CPU.Build.0 = Debug|Any CPU
		{34AFF8C3-52CC-455B-83E2-B5976E1281EB}.Release|Any CPU.ActiveCfg = Release|Any CPU
		{34AFF8C3-52CC-455B-83E2-B5976E1281EB}.Release|Any CPU.Build.0 = Release|Any CPU
	EndGlobalSection
	GlobalSection(SolutionProperties) = preSolution
		HideSolutionNode = FALSE
	EndGlobalSection
	GlobalSection(ExtensibilityGlobals) = postSolution
		SolutionGuid = {8EFCCAE6-E07C-4F43-A292-BF553335FF1E}
	EndGlobalSection
EndGlobal
