
Microsoft Visual Studio Solution File, Format Version 12.00
# Visual Studio Version 16
VisualStudioVersion = 16.0.31424.327
MinimumVisualStudioVersion = 10.0.40219.1
Project("{FAE04EC0-301F-11D3-BF4B-00C04F79EFBC}") = "Consola", "Consola\Consola.csproj", "{04162DED-20F9-4D37-B359-59D73D0403DE}"
EndProject
Project("{FAE04EC0-301F-11D3-BF4B-00C04F79EFBC}") = "Biblioteca", "Biblioteca\Biblioteca.csproj", "{349FECAD-AA3E-4A1B-929E-6F30694DA99D}"
EndProject
Global
	GlobalSection(SolutionConfigurationPlatforms) = preSolution
		Debug|Any CPU = Debug|Any CPU
		Release|Any CPU = Release|Any CPU
	EndGlobalSection
	GlobalSection(ProjectConfigurationPlatforms) = postSolution
		{04162DED-20F9-4D37-B359-59D73D0403DE}.Debug|Any CPU.ActiveCfg = Debug|Any CPU
		{04162DED-20F9-4D37-B359-59D73D0403DE}.Debug|Any CPU.Build.0 = Debug|Any CPU
		{04162DED-20F9-4D37-B359-59D73D0403DE}.Release|Any CPU.ActiveCfg = Release|Any CPU
		{04162DED-20F9-4D37-B359-59D73D0403DE}.Release|Any CPU.Build.0 = Release|Any CPU
		{349FECAD-AA3E-4A1B-929E-6F30694DA99D}.Debug|Any CPU.ActiveCfg = Debug|Any CPU
		{349FECAD-AA3E-4A1B-929E-6F30694DA99D}.Debug|Any CPU.Build.0 = Debug|Any CPU
		{349FECAD-AA3E-4A1B-929E-6F30694DA99D}.Release|Any CPU.ActiveCfg = Release|Any CPU
		{349FECAD-AA3E-4A1B-929E-6F30694DA99D}.Release|Any CPU.Build.0 = Release|Any CPU
	EndGlobalSection
	GlobalSection(SolutionProperties) = preSolution
		HideSolutionNode = FALSE
	EndGlobalSection
	GlobalSection(ExtensibilityGlobals) = postSolution
		SolutionGuid = {1739C0B3-D195-4EF9-8C29-748247B50B8C}
	EndGlobalSection
EndGlobal
