
Microsoft Visual Studio Solution File, Format Version 12.00
# Visual Studio Version 16
VisualStudioVersion = 16.0.31424.327
MinimumVisualStudioVersion = 10.0.40219.1
Project("{FAE04EC0-301F-11D3-BF4B-00C04F79EFBC}") = "Ejercicio1", "Ejercicio1.csproj", "{B3E71457-6E8A-4301-8B3D-0C28ADEB8BBB}"
EndProject
Global
	GlobalSection(SolutionConfigurationPlatforms) = preSolution
		Debug|Any CPU = Debug|Any CPU
		Release|Any CPU = Release|Any CPU
	EndGlobalSection
	GlobalSection(ProjectConfigurationPlatforms) = postSolution
		{B3E71457-6E8A-4301-8B3D-0C28ADEB8BBB}.Debug|Any CPU.ActiveCfg = Debug|Any CPU
		{B3E71457-6E8A-4301-8B3D-0C28ADEB8BBB}.Debug|Any CPU.Build.0 = Debug|Any CPU
		{B3E71457-6E8A-4301-8B3D-0C28ADEB8BBB}.Release|Any CPU.ActiveCfg = Release|Any CPU
		{B3E71457-6E8A-4301-8B3D-0C28ADEB8BBB}.Release|Any CPU.Build.0 = Release|Any CPU
	EndGlobalSection
	GlobalSection(SolutionProperties) = preSolution
		HideSolutionNode = FALSE
	EndGlobalSection
	GlobalSection(ExtensibilityGlobals) = postSolution
		SolutionGuid = {61DEEC61-C424-4FB9-989C-0A59D9716FA1}
	EndGlobalSection
EndGlobal
